
Microsoft Visual Studio Solution File, Format Version 12.00
# Visual Studio Version 17
VisualStudioVersion = 17.3.32804.467
MinimumVisualStudioVersion = 10.0.40219.1
Project("{FAE04EC0-301F-11D3-BF4B-00C04F79EFBC}") = "age1", "age1.csproj", "{0CAF30C4-0385-4851-9C33-99F2DFCA9EDA}"
EndProject
Global
	GlobalSection(SolutionConfigurationPlatforms) = preSolution
		Debug|Any CPU = Debug|Any CPU
		Release|Any CPU = Release|Any CPU
	EndGlobalSection
	GlobalSection(ProjectConfigurationPlatforms) = postSolution
		{0CAF30C4-0385-4851-9C33-99F2DFCA9EDA}.Debug|Any CPU.ActiveCfg = Debug|Any CPU
		{0CAF30C4-0385-4851-9C33-99F2DFCA9EDA}.Debug|Any CPU.Build.0 = Debug|Any CPU
		{0CAF30C4-0385-4851-9C33-99F2DFCA9EDA}.Release|Any CPU.ActiveCfg = Release|Any CPU
		{0CAF30C4-0385-4851-9C33-99F2DFCA9EDA}.Release|Any CPU.Build.0 = Release|Any CPU
	EndGlobalSection
	GlobalSection(SolutionProperties) = preSolution
		HideSolutionNode = FALSE
	EndGlobalSection
	GlobalSection(ExtensibilityGlobals) = postSolution
		SolutionGuid = {18E7096A-2315-4A60-AA25-F35B7B90DC92}
	EndGlobalSection
EndGlobal
